<Solution>
  <Folder Name="/src/">
    <Project Path="src/TasksApi/TasksApi.csproj" />
  </Folder>
  <Folder Name="/tests/">
    <Project Path="tests/TasksApi.IntegrationTests/TasksApi.IntegrationTests.csproj" />
    <Project Path="tests/TasksApi.UnitTests/TasksApi.UnitTests.csproj" />
  </Folder>
</Solution>
